// !$*UTF8*$!
{
	archiveVersion = 1;
	classes = {
	};
	objectVersion = 46;
	objects = {

/* Begin PBXBuildFile section */
		8BAE95C416990F7200FB5F68 /* main.cpp in Sources */ = {isa = PBXBuildFile; fileRef = 8BAE95C316990F7200FB5F68 /* main.cpp */; };
		8BAE95C616990F7200FB5F68 /* suffix_tree.1 in CopyFiles */ = {isa = PBXBuildFile; fileRef = 8BAE95C516990F7200FB5F68 /* suffix_tree.1 */; };
		8BAE95CE16990F9000FB5F68 /* suffix-tree.cpp in Sources */ = {isa = PBXBuildFile; fileRef = 8BAE95CC16990F9000FB5F68 /* suffix-tree.cpp */; };
/* End PBXBuildFile section */

/* Begin PBXCopyFilesBuildPhase section */
		8BAE95BD16990F7200FB5F68 /* CopyFiles */ = {
			isa = PBXCopyFilesBuildPhase;
			buildActionMask = 2147483647;
			dstPath = /usr/share/man/man1/;
			dstSubfolderSpec = 0;
			files = (
				8BAE95C616990F7200FB5F68 /* suffix_tree.1 in CopyFiles */,
			);
			runOnlyForDeploymentPostprocessing = 1;
		};
/* End PBXCopyFilesBuildPhase section */

/* Begin PBXFileReference section */
		8BAE95BF16990F7200FB5F68 /* suffix-tree */ = {isa = PBXFileReference; explicitFileType = "compiled.mach-o.executable"; includeInIndex = 0; path = "suffix-tree"; sourceTree = BUILT_PRODUCTS_DIR; };
		8BAE95C316990F7200FB5F68 /* main.cpp */ = {isa = PBXFileReference; lastKnownFileType = sourcecode.cpp.cpp; path = main.cpp; sourceTree = "<group>"; };
		8BAE95C516990F7200FB5F68 /* suffix_tree.1 */ = {isa = PBXFileReference; lastKnownFileType = text.man; path = suffix_tree.1; sourceTree = "<group>"; };
		8BAE95CC16990F9000FB5F68 /* suffix-tree.cpp */ = {isa = PBXFileReference; fileEncoding = 4; lastKnownFileType = sourcecode.cpp.cpp; path = "suffix-tree.cpp"; sourceTree = "<group>"; };
		8BAE95CD16990F9000FB5F68 /* suffix-tree.h */ = {isa = PBXFileReference; fileEncoding = 4; lastKnownFileType = sourcecode.c.h; path = "suffix-tree.h"; sourceTree = "<group>"; };
/* End PBXFileReference section */

/* Begin PBXFrameworksBuildPhase section */
		8BAE95BC16990F7200FB5F68 /* Frameworks */ = {
			isa = PBXFrameworksBuildPhase;
			buildActionMask = 2147483647;
			files = (
			);
			runOnlyForDeploymentPostprocessing = 0;
		};
/* End PBXFrameworksBuildPhase section */

/* Begin PBXGroup section */
		8BAE95B416990F7200FB5F68 = {
			isa = PBXGroup;
			children = (
				8BAE95C216990F7200FB5F68 /* suffix-tree */,
				8BAE95C016990F7200FB5F68 /* Products */,
			);
			sourceTree = "<group>";
		};
		8BAE95C016990F7200FB5F68 /* Products */ = {
			isa = PBXGroup;
			children = (
				8BAE95BF16990F7200FB5F68 /* suffix-tree */,
			);
			name = Products;
			sourceTree = "<group>";
		};
		8BAE95C216990F7200FB5F68 /* suffix-tree */ = {
			isa = PBXGroup;
			children = (
				8BAE95C316990F7200FB5F68 /* main.cpp */,
				8BAE95CC16990F9000FB5F68 /* suffix-tree.cpp */,
				8BAE95CD16990F9000FB5F68 /* suffix-tree.h */,
				8BAE95C516990F7200FB5F68 /* suffix_tree.1 */,
			);
			path = "suffix-tree";
			sourceTree = "<group>";
		};
/* End PBXGroup section */

/* Begin PBXNativeTarget section */
		8BAE95BE16990F7200FB5F68 /* suffix-tree */ = {
			isa = PBXNativeTarget;
			buildConfigurationList = 8BAE95C916990F7200FB5F68 /* Build configuration list for PBXNativeTarget "suffix-tree" */;
			buildPhases = (
				8BAE95BB16990F7200FB5F68 /* Sources */,
				8BAE95BC16990F7200FB5F68 /* Frameworks */,
				8BAE95BD16990F7200FB5F68 /* CopyFiles */,
			);
			buildRules = (
			);
			dependencies = (
			);
			name = "suffix-tree";
			productName = "suffix-tree";
			productReference = 8BAE95BF16990F7200FB5F68 /* suffix-tree */;
			productType = "com.apple.product-type.tool";
		};
/* End PBXNativeTarget section */

/* Begin PBXProject section */
		8BAE95B616990F7200FB5F68 /* Project object */ = {
			isa = PBXProject;
			attributes = {
				LastUpgradeCheck = 0450;
				ORGANIZATIONNAME = "Brett Wines";
			};
			buildConfigurationList = 8BAE95B916990F7200FB5F68 /* Build configuration list for PBXProject "suffix-tree" */;
			compatibilityVersion = "Xcode 3.2";
			developmentRegion = English;
			hasScannedForEncodings = 0;
			knownRegions = (
				en,
			);
			mainGroup = 8BAE95B416990F7200FB5F68;
			productRefGroup = 8BAE95C016990F7200FB5F68 /* Products */;
			projectDirPath = "";
			projectRoot = "";
			targets = (
				8BAE95BE16990F7200FB5F68 /* suffix-tree */,
			);
		};
/* End PBXProject section */

/* Begin PBXSourcesBuildPhase section */
		8BAE95BB16990F7200FB5F68 /* Sources */ = {
			isa = PBXSourcesBuildPhase;
			buildActionMask = 2147483647;
			files = (
				8BAE95C416990F7200FB5F68 /* main.cpp in Sources */,
				8BAE95CE16990F9000FB5F68 /* suffix-tree.cpp in Sources */,
			);
			runOnlyForDeploymentPostprocessing = 0;
		};
/* End PBXSourcesBuildPhase section */

/* Begin XCBuildConfiguration section */
		8BAE95C716990F7200FB5F68 /* Debug */ = {
			isa = XCBuildConfiguration;
			buildSettings = {
				ALWAYS_SEARCH_USER_PATHS = NO;
				ARCHS = "$(ARCHS_STANDARD_64_BIT)";
				CLANG_CXX_LANGUAGE_STANDARD = "gnu++0x";
				CLANG_CXX_LIBRARY = "libc++";
				CLANG_ENABLE_OBJC_ARC = YES;
				CLANG_WARN_EMPTY_BODY = YES;
				CLANG_WARN__DUPLICATE_METHOD_MATCH = YES;
				COPY_PHASE_STRIP = NO;
				GCC_C_LANGUAGE_STANDARD = gnu99;
				GCC_DYNAMIC_NO_PIC = NO;
				GCC_ENABLE_OBJC_EXCEPTIONS = YES;
				GCC_OPTIMIZATION_LEVEL = 0;
				GCC_PREPROCESSOR_DEFINITIONS = (
					"DEBUG=1",
					"$(inherited)",
				);
				GCC_SYMBOLS_PRIVATE_EXTERN = NO;
				GCC_WARN_64_TO_32_BIT_CONVERSION = YES;
				GCC_WARN_ABOUT_RETURN_TYPE = YES;
				GCC_WARN_UNINITIALIZED_AUTOS = YES;
				GCC_WARN_UNUSED_VARIABLE = YES;
				MACOSX_DEPLOYMENT_TARGET = 10.8;
				ONLY_ACTIVE_ARCH = YES;
				SDKROOT = macosx;
			};
			name = Debug;
		};
		8BAE95C816990F7200FB5F68 /* Release */ = {
			isa = XCBuildConfiguration;
			buildSettings = {
				ALWAYS_SEARCH_USER_PATHS = NO;
				ARCHS = "$(ARCHS_STANDARD_64_BIT)";
				CLANG_CXX_LANGUAGE_STANDARD = "gnu++0x";
				CLANG_CXX_LIBRARY = "libc++";
				CLANG_ENABLE_OBJC_ARC = YES;
				CLANG_WARN_EMPTY_BODY = YES;
				CLANG_WARN__DUPLICATE_METHOD_MATCH = YES;
				COPY_PHASE_STRIP = YES;
				DEBUG_INFORMATION_FORMAT = "dwarf-with-dsym";
				GCC_C_LANGUAGE_STANDARD = gnu99;
				GCC_ENABLE_OBJC_EXCEPTIONS = YES;
				GCC_WARN_64_TO_32_BIT_CONVERSION = YES;
				GCC_WARN_ABOUT_RETURN_TYPE = YES;
				GCC_WARN_UNINITIALIZED_AUTOS = YES;
				GCC_WARN_UNUSED_VARIABLE = YES;
				MACOSX_DEPLOYMENT_TARGET = 10.8;
				SDKROOT = macosx;
			};
			name = Release;
		};
		8BAE95CA16990F7200FB5F68 /* Debug */ = {
			isa = XCBuildConfiguration;
			buildSettings = {
				PRODUCT_NAME = "$(TARGET_NAME)";
			};
			name = Debug;
		};
		8BAE95CB16990F7200FB5F68 /* Release */ = {
			isa = XCBuildConfiguration;
			buildSettings = {
				PRODUCT_NAME = "$(TARGET_NAME)";
			};
			name = Release;
		};
/* End XCBuildConfiguration section */

/* Begin XCConfigurationList section */
		8BAE95B916990F7200FB5F68 /* Build configuration list for PBXProject "suffix-tree" */ = {
			isa = XCConfigurationList;
			buildConfigurations = (
				8BAE95C716990F7200FB5F68 /* Debug */,
				8BAE95C816990F7200FB5F68 /* Release */,
			);
			defaultConfigurationIsVisible = 0;
			defaultConfigurationName = Release;
		};
		8BAE95C916990F7200FB5F68 /* Build configuration list for PBXNativeTarget "suffix-tree" */ = {
			isa = XCConfigurationList;
			buildConfigurations = (
				8BAE95CA16990F7200FB5F68 /* Debug */,
				8BAE95CB16990F7200FB5F68 /* Release */,
			);
			defaultConfigurationIsVisible = 0;
			defaultConfigurationName = Release;
		};
/* End XCConfigurationList section */
	};
	rootObject = 8BAE95B616990F7200FB5F68 /* Project object */;
}
